// !$*UTF8*$!
{
	archiveVersion = 1;
	classes = {
	};
	objectVersion = 51;
	objects = {

/* Begin PBXBuildFile section */
		A1A2B65F220DEA23008460F8 /* AppDelegate.swift in Sources */ = {isa = PBXBuildFile; fileRef = A1A2B65E220DEA23008460F8 /* AppDelegate.swift */; };
		A1A2B666220DEA25008460F8 /* Assets.xcassets in Resources */ = {isa = PBXBuildFile; fileRef = A1A2B665220DEA25008460F8 /* Assets.xcassets */; };
		A1A2B669220DEA25008460F8 /* LaunchScreen.storyboard in Resources */ = {isa = PBXBuildFile; fileRef = A1A2B667220DEA25008460F8 /* LaunchScreen.storyboard */; };
		A1A2B671220DEA5B008460F8 /* DetailViewController.swift in Sources */ = {isa = PBXBuildFile; fileRef = A1A2B670220DEA5B008460F8 /* DetailViewController.swift */; };
		A1A2B673220DEA6B008460F8 /* ListViewController.swift in Sources */ = {isa = PBXBuildFile; fileRef = A1A2B672220DEA6B008460F8 /* ListViewController.swift */; };
		A1A2B684220E0CD0008460F8 /* Member.swift in Sources */ = {isa = PBXBuildFile; fileRef = A1A2B683220E0CD0008460F8 /* Member.swift */; };
		A1A2B686220E0CFC008460F8 /* MemberViewModel.swift in Sources */ = {isa = PBXBuildFile; fileRef = A1A2B685220E0CFC008460F8 /* MemberViewModel.swift */; };
		A1A2B688220E10EE008460F8 /* MemberCell.swift in Sources */ = {isa = PBXBuildFile; fileRef = A1A2B687220E10EE008460F8 /* MemberCell.swift */; };
		A1A2B68D22112385008460F8 /* Extensions.swift in Sources */ = {isa = PBXBuildFile; fileRef = A1A2B68C22112385008460F8 /* Extensions.swift */; };
		C9FD6A85921E98B85E09B2A9 /* Pods_RxViewControllerExample.framework in Frameworks */ = {isa = PBXBuildFile; fileRef = 4DF6296CB8A28AF425136EA9 /* Pods_RxViewControllerExample.framework */; };
/* End PBXBuildFile section */

/* Begin PBXFileReference section */
		0A98D340473F0FC24D739DC1 /* Pods-RxViewControllerExample.debug.xcconfig */ = {isa = PBXFileReference; includeInIndex = 1; lastKnownFileType = text.xcconfig; name = "Pods-RxViewControllerExample.debug.xcconfig"; path = "Pods/Target Support Files/Pods-RxViewControllerExample/Pods-RxViewControllerExample.debug.xcconfig"; sourceTree = "<group>"; };
		4DF6296CB8A28AF425136EA9 /* Pods_RxViewControllerExample.framework */ = {isa = PBXFileReference; explicitFileType = wrapper.framework; includeInIndex = 0; path = Pods_RxViewControllerExample.framework; sourceTree = BUILT_PRODUCTS_DIR; };
		6D7F00D90C1959A7132D4013 /* Pods-RxViewControllerExample.release.xcconfig */ = {isa = PBXFileReference; includeInIndex = 1; lastKnownFileType = text.xcconfig; name = "Pods-RxViewControllerExample.release.xcconfig"; path = "Pods/Target Support Files/Pods-RxViewControllerExample/Pods-RxViewControllerExample.release.xcconfig"; sourceTree = "<group>"; };
		A1A2B65B220DEA23008460F8 /* RxViewControllerExample.app */ = {isa = PBXFileReference; explicitFileType = wrapper.application; includeInIndex = 0; path = RxViewControllerExample.app; sourceTree = BUILT_PRODUCTS_DIR; };
		A1A2B65E220DEA23008460F8 /* AppDelegate.swift */ = {isa = PBXFileReference; lastKnownFileType = sourcecode.swift; path = AppDelegate.swift; sourceTree = "<group>"; };
		A1A2B665220DEA25008460F8 /* Assets.xcassets */ = {isa = PBXFileReference; lastKnownFileType = folder.assetcatalog; path = Assets.xcassets; sourceTree = "<group>"; };
		A1A2B668220DEA25008460F8 /* Base */ = {isa = PBXFileReference; lastKnownFileType = file.storyboard; name = Base; path = Base.lproj/LaunchScreen.storyboard; sourceTree = "<group>"; };
		A1A2B66A220DEA25008460F8 /* Info.plist */ = {isa = PBXFileReference; lastKnownFileType = text.plist.xml; path = Info.plist; sourceTree = "<group>"; };
		A1A2B670220DEA5B008460F8 /* DetailViewController.swift */ = {isa = PBXFileReference; lastKnownFileType = sourcecode.swift; path = DetailViewController.swift; sourceTree = "<group>"; };
		A1A2B672220DEA6B008460F8 /* ListViewController.swift */ = {isa = PBXFileReference; lastKnownFileType = sourcecode.swift; path = ListViewController.swift; sourceTree = "<group>"; };
		A1A2B683220E0CD0008460F8 /* Member.swift */ = {isa = PBXFileReference; lastKnownFileType = sourcecode.swift; path = Member.swift; sourceTree = "<group>"; };
		A1A2B685220E0CFC008460F8 /* MemberViewModel.swift */ = {isa = PBXFileReference; lastKnownFileType = sourcecode.swift; path = MemberViewModel.swift; sourceTree = "<group>"; };
		A1A2B687220E10EE008460F8 /* MemberCell.swift */ = {isa = PBXFileReference; lastKnownFileType = sourcecode.swift; path = MemberCell.swift; sourceTree = "<group>"; };
		A1A2B68C22112385008460F8 /* Extensions.swift */ = {isa = PBXFileReference; lastKnownFileType = sourcecode.swift; path = Extensions.swift; sourceTree = "<group>"; };
/* End PBXFileReference section */

/* Begin PBXFrameworksBuildPhase section */
		A1A2B658220DEA23008460F8 /* Frameworks */ = {
			isa = PBXFrameworksBuildPhase;
			buildActionMask = 2147483647;
			files = (
				C9FD6A85921E98B85E09B2A9 /* Pods_RxViewControllerExample.framework in Frameworks */,
			);
			runOnlyForDeploymentPostprocessing = 0;
		};
/* End PBXFrameworksBuildPhase section */

/* Begin PBXGroup section */
		203764194D14097F3B502508 /* Frameworks */ = {
			isa = PBXGroup;
			children = (
				4DF6296CB8A28AF425136EA9 /* Pods_RxViewControllerExample.framework */,
			);
			name = Frameworks;
			sourceTree = "<group>";
		};
		3CE424F72D016DED5EE86C40 /* Pods */ = {
			isa = PBXGroup;
			children = (
				0A98D340473F0FC24D739DC1 /* Pods-RxViewControllerExample.debug.xcconfig */,
				6D7F00D90C1959A7132D4013 /* Pods-RxViewControllerExample.release.xcconfig */,
			);
			name = Pods;
			sourceTree = "<group>";
		};
		A1A2B652220DEA23008460F8 = {
			isa = PBXGroup;
			children = (
				A1A2B65D220DEA23008460F8 /* RxViewControllerExample */,
				A1A2B65C220DEA23008460F8 /* Products */,
				3CE424F72D016DED5EE86C40 /* Pods */,
				203764194D14097F3B502508 /* Frameworks */,
			);
			sourceTree = "<group>";
		};
		A1A2B65C220DEA23008460F8 /* Products */ = {
			isa = PBXGroup;
			children = (
				A1A2B65B220DEA23008460F8 /* RxViewControllerExample.app */,
			);
			name = Products;
			sourceTree = "<group>";
		};
		A1A2B65D220DEA23008460F8 /* RxViewControllerExample */ = {
			isa = PBXGroup;
			children = (
				A1A2B676220DED48008460F8 /* App */,
				A1A2B689220E240C008460F8 /* Domain */,
				A1A2B68A220E242C008460F8 /* Page */,
			);
			path = RxViewControllerExample;
			sourceTree = "<group>";
		};
		A1A2B674220DED33008460F8 /* List */ = {
			isa = PBXGroup;
			children = (
				A1A2B672220DEA6B008460F8 /* ListViewController.swift */,
				A1A2B687220E10EE008460F8 /* MemberCell.swift */,
			);
			path = List;
			sourceTree = "<group>";
		};
		A1A2B675220DED3A008460F8 /* Detail */ = {
			isa = PBXGroup;
			children = (
				A1A2B670220DEA5B008460F8 /* DetailViewController.swift */,
			);
			path = Detail;
			sourceTree = "<group>";
		};
		A1A2B676220DED48008460F8 /* App */ = {
			isa = PBXGroup;
			children = (
				A1A2B65E220DEA23008460F8 /* AppDelegate.swift */,
				A1A2B66A220DEA25008460F8 /* Info.plist */,
				A1A2B667220DEA25008460F8 /* LaunchScreen.storyboard */,
				A1A2B665220DEA25008460F8 /* Assets.xcassets */,
			);
			path = App;
			sourceTree = "<group>";
		};
		A1A2B681220E0CA3008460F8 /* Model */ = {
			isa = PBXGroup;
			children = (
				A1A2B683220E0CD0008460F8 /* Member.swift */,
			);
			path = Model;
			sourceTree = "<group>";
		};
		A1A2B682220E0CB0008460F8 /* ViewModel */ = {
			isa = PBXGroup;
			children = (
				A1A2B685220E0CFC008460F8 /* MemberViewModel.swift */,
			);
			path = ViewModel;
			sourceTree = "<group>";
		};
		A1A2B689220E240C008460F8 /* Domain */ = {
			isa = PBXGroup;
			children = (
				A1A2B681220E0CA3008460F8 /* Model */,
				A1A2B682220E0CB0008460F8 /* ViewModel */,
			);
			path = Domain;
			sourceTree = "<group>";
		};
		A1A2B68A220E242C008460F8 /* Page */ = {
			isa = PBXGroup;
			children = (
				A1A2B68B22112370008460F8 /* Utils */,
				A1A2B674220DED33008460F8 /* List */,
				A1A2B675220DED3A008460F8 /* Detail */,
			);
			path = Page;
			sourceTree = "<group>";
		};
		A1A2B68B22112370008460F8 /* Utils */ = {
			isa = PBXGroup;
			children = (
				A1A2B68C22112385008460F8 /* Extensions.swift */,
			);
			path = Utils;
			sourceTree = "<group>";
		};
/* End PBXGroup section */

/* Begin PBXNativeTarget section */
		A1A2B65A220DEA23008460F8 /* RxViewControllerExample */ = {
			isa = PBXNativeTarget;
			buildConfigurationList = A1A2B66D220DEA25008460F8 /* Build configuration list for PBXNativeTarget "RxViewControllerExample" */;
			buildPhases = (
				5CD53AC7A69306C78B9E3229 /* [CP] Check Pods Manifest.lock */,
				A1A2B657220DEA23008460F8 /* Sources */,
				A1A2B658220DEA23008460F8 /* Frameworks */,
				A1A2B659220DEA23008460F8 /* Resources */,
				BD680EB68993F2A8BF81E3D8 /* [CP] Embed Pods Frameworks */,
			);
			buildRules = (
			);
			dependencies = (
			);
			name = RxViewControllerExample;
			productName = RxViewControllerExample;
			productReference = A1A2B65B220DEA23008460F8 /* RxViewControllerExample.app */;
			productType = "com.apple.product-type.application";
		};
/* End PBXNativeTarget section */

/* Begin PBXProject section */
		A1A2B653220DEA23008460F8 /* Project object */ = {
			isa = PBXProject;
			attributes = {
				LastSwiftUpdateCheck = 1010;
				LastUpgradeCheck = 1010;
				ORGANIZATIONNAME = n.code;
				TargetAttributes = {
					A1A2B65A220DEA23008460F8 = {
						CreatedOnToolsVersion = 10.1;
					};
				};
			};
			buildConfigurationList = A1A2B656220DEA23008460F8 /* Build configuration list for PBXProject "RxViewControllerExample" */;
			compatibilityVersion = "Xcode 9.3";
			developmentRegion = en;
			hasScannedForEncodings = 0;
			knownRegions = (
				en,
				Base,
			);
			mainGroup = A1A2B652220DEA23008460F8;
			productRefGroup = A1A2B65C220DEA23008460F8 /* Products */;
			projectDirPath = "";
			projectRoot = "";
			targets = (
				A1A2B65A220DEA23008460F8 /* RxViewControllerExample */,
			);
		};
/* End PBXProject section */

/* Begin PBXResourcesBuildPhase section */
		A1A2B659220DEA23008460F8 /* Resources */ = {
			isa = PBXResourcesBuildPhase;
			buildActionMask = 2147483647;
			files = (
				A1A2B669220DEA25008460F8 /* LaunchScreen.storyboard in Resources */,
				A1A2B666220DEA25008460F8 /* Assets.xcassets in Resources */,
			);
			runOnlyForDeploymentPostprocessing = 0;
		};
/* End PBXResourcesBuildPhase section */

/* Begin PBXShellScriptBuildPhase section */
		5CD53AC7A69306C78B9E3229 /* [CP] Check Pods Manifest.lock */ = {
			isa = PBXShellScriptBuildPhase;
			buildActionMask = 2147483647;
			files = (
			);
			inputFileListPaths = (
			);
			inputPaths = (
				"${PODS_PODFILE_DIR_PATH}/Podfile.lock",
				"${PODS_ROOT}/Manifest.lock",
			);
			name = "[CP] Check Pods Manifest.lock";
			outputFileListPaths = (
			);
			outputPaths = (
				"$(DERIVED_FILE_DIR)/Pods-RxViewControllerExample-checkManifestLockResult.txt",
			);
			runOnlyForDeploymentPostprocessing = 0;
			shellPath = /bin/sh;
			shellScript = "diff \"${PODS_PODFILE_DIR_PATH}/Podfile.lock\" \"${PODS_ROOT}/Manifest.lock\" > /dev/null\nif [ $? != 0 ] ; then\n    # print error to STDERR\n    echo \"error: The sandbox is not in sync with the Podfile.lock. Run 'pod install' or update your CocoaPods installation.\" >&2\n    exit 1\nfi\n# This output is used by Xcode 'outputs' to avoid re-running this script phase.\necho \"SUCCESS\" > \"${SCRIPT_OUTPUT_FILE_0}\"\n";
			showEnvVarsInLog = 0;
		};
		BD680EB68993F2A8BF81E3D8 /* [CP] Embed Pods Frameworks */ = {
			isa = PBXShellScriptBuildPhase;
			buildActionMask = 2147483647;
			files = (
			);
			inputFileListPaths = (
				"${PODS_ROOT}/Target Support Files/Pods-RxViewControllerExample/Pods-RxViewControllerExample-frameworks-${CONFIGURATION}-input-files.xcfilelist",
			);
			name = "[CP] Embed Pods Frameworks";
			outputFileListPaths = (
				"${PODS_ROOT}/Target Support Files/Pods-RxViewControllerExample/Pods-RxViewControllerExample-frameworks-${CONFIGURATION}-output-files.xcfilelist",
			);
			runOnlyForDeploymentPostprocessing = 0;
			shellPath = /bin/sh;
			shellScript = "\"${PODS_ROOT}/Target Support Files/Pods-RxViewControllerExample/Pods-RxViewControllerExample-frameworks.sh\"\n";
			showEnvVarsInLog = 0;
		};
/* End PBXShellScriptBuildPhase section */

/* Begin PBXSourcesBuildPhase section */
		A1A2B657220DEA23008460F8 /* Sources */ = {
			isa = PBXSourcesBuildPhase;
			buildActionMask = 2147483647;
			files = (
				A1A2B671220DEA5B008460F8 /* DetailViewController.swift in Sources */,
				A1A2B688220E10EE008460F8 /* MemberCell.swift in Sources */,
				A1A2B673220DEA6B008460F8 /* ListViewController.swift in Sources */,
				A1A2B65F220DEA23008460F8 /* AppDelegate.swift in Sources */,
				A1A2B686220E0CFC008460F8 /* MemberViewModel.swift in Sources */,
				A1A2B684220E0CD0008460F8 /* Member.swift in Sources */,
				A1A2B68D22112385008460F8 /* Extensions.swift in Sources */,
			);
			runOnlyForDeploymentPostprocessing = 0;
		};
/* End PBXSourcesBuildPhase section */

/* Begin PBXVariantGroup section */
		A1A2B667220DEA25008460F8 /* LaunchScreen.storyboard */ = {
			isa = PBXVariantGroup;
			children = (
				A1A2B668220DEA25008460F8 /* Base */,
			);
			name = LaunchScreen.storyboard;
			sourceTree = "<group>";
		};
/* End PBXVariantGroup section */

/* Begin XCBuildConfiguration section */
		A1A2B66B220DEA25008460F8 /* Debug */ = {
			isa = XCBuildConfiguration;
			buildSettings = {
				ALWAYS_SEARCH_USER_PATHS = NO;
				CLANG_ANALYZER_NONNULL = YES;
				CLANG_ANALYZER_NUMBER_OBJECT_CONVERSION = YES_AGGRESSIVE;
				CLANG_CXX_LANGUAGE_STANDARD = "gnu++14";
				CLANG_CXX_LIBRARY = "libc++";
				CLANG_ENABLE_MODULES = YES;
				CLANG_ENABLE_OBJC_ARC = YES;
				CLANG_ENABLE_OBJC_WEAK = YES;
				CLANG_WARN_BLOCK_CAPTURE_AUTORELEASING = YES;
				CLANG_WARN_BOOL_CONVERSION = YES;
				CLANG_WARN_COMMA = YES;
				CLANG_WARN_CONSTANT_CONVERSION = YES;
				CLANG_WARN_DEPRECATED_OBJC_IMPLEMENTATIONS = YES;
				CLANG_WARN_DIRECT_OBJC_ISA_USAGE = YES_ERROR;
				CLANG_WARN_DOCUMENTATION_COMMENTS = YES;
				CLANG_WARN_EMPTY_BODY = YES;
				CLANG_WARN_ENUM_CONVERSION = YES;
				CLANG_WARN_INFINITE_RECURSION = YES;
				CLANG_WARN_INT_CONVERSION = YES;
				CLANG_WARN_NON_LITERAL_NULL_CONVERSION = YES;
				CLANG_WARN_OBJC_IMPLICIT_RETAIN_SELF = YES;
				CLANG_WARN_OBJC_LITERAL_CONVERSION = YES;
				CLANG_WARN_OBJC_ROOT_CLASS = YES_ERROR;
				CLANG_WARN_RANGE_LOOP_ANALYSIS = YES;
				CLANG_WARN_STRICT_PROTOTYPES = YES;
				CLANG_WARN_SUSPICIOUS_MOVE = YES;
				CLANG_WARN_UNGUARDED_AVAILABILITY = YES_AGGRESSIVE;
				CLANG_WARN_UNREACHABLE_CODE = YES;
				CLANG_WARN__DUPLICATE_METHOD_MATCH = YES;
				CODE_SIGN_IDENTITY = "iPhone Developer";
				COPY_PHASE_STRIP = NO;
				DEBUG_INFORMATION_FORMAT = dwarf;
				ENABLE_STRICT_OBJC_MSGSEND = YES;
				ENABLE_TESTABILITY = YES;
				GCC_C_LANGUAGE_STANDARD = gnu11;
				GCC_DYNAMIC_NO_PIC = NO;
				GCC_NO_COMMON_BLOCKS = YES;
				GCC_OPTIMIZATION_LEVEL = 0;
				GCC_PREPROCESSOR_DEFINITIONS = (
					"DEBUG=1",
					"$(inherited)",
				);
				GCC_WARN_64_TO_32_BIT_CONVERSION = YES;
				GCC_WARN_ABOUT_RETURN_TYPE = YES_ERROR;
				GCC_WARN_UNDECLARED_SELECTOR = YES;
				GCC_WARN_UNINITIALIZED_AUTOS = YES_AGGRESSIVE;
				GCC_WARN_UNUSED_FUNCTION = YES;
				GCC_WARN_UNUSED_VARIABLE = YES;
				IPHONEOS_DEPLOYMENT_TARGET = 12.1;
				MTL_ENABLE_DEBUG_INFO = INCLUDE_SOURCE;
				MTL_FAST_MATH = YES;
				ONLY_ACTIVE_ARCH = YES;
				SDKROOT = iphoneos;
				SWIFT_ACTIVE_COMPILATION_CONDITIONS = DEBUG;
				SWIFT_OPTIMIZATION_LEVEL = "-Onone";
				SWIFT_VERSION = 5.0;
			};
			name = Debug;
		};
		A1A2B66C220DEA25008460F8 /* Release */ = {
			isa = XCBuildConfiguration;
			buildSettings = {
				ALWAYS_SEARCH_USER_PATHS = NO;
				CLANG_ANALYZER_NONNULL = YES;
				CLANG_ANALYZER_NUMBER_OBJECT_CONVERSION = YES_AGGRESSIVE;
				CLANG_CXX_LANGUAGE_STANDARD = "gnu++14";
				CLANG_CXX_LIBRARY = "libc++";
				CLANG_ENABLE_MODULES = YES;
				CLANG_ENABLE_OBJC_ARC = YES;
				CLANG_ENABLE_OBJC_WEAK = YES;
				CLANG_WARN_BLOCK_CAPTURE_AUTORELEASING = YES;
				CLANG_WARN_BOOL_CONVERSION = YES;
				CLANG_WARN_COMMA = YES;
				CLANG_WARN_CONSTANT_CONVERSION = YES;
				CLANG_WARN_DEPRECATED_OBJC_IMPLEMENTATIONS = YES;
				CLANG_WARN_DIRECT_OBJC_ISA_USAGE = YES_ERROR;
				CLANG_WARN_DOCUMENTATION_COMMENTS = YES;
				CLANG_WARN_EMPTY_BODY = YES;
				CLANG_WARN_ENUM_CONVERSION = YES;
				CLANG_WARN_INFINITE_RECURSION = YES;
				CLANG_WARN_INT_CONVERSION = YES;
				CLANG_WARN_NON_LITERAL_NULL_CONVERSION = YES;
				CLANG_WARN_OBJC_IMPLICIT_RETAIN_SELF = YES;
				CLANG_WARN_OBJC_LITERAL_CONVERSION = YES;
				CLANG_WARN_OBJC_ROOT_CLASS = YES_ERROR;
				CLANG_WARN_RANGE_LOOP_ANALYSIS = YES;
				CLANG_WARN_STRICT_PROTOTYPES = YES;
				CLANG_WARN_SUSPICIOUS_MOVE = YES;
				CLANG_WARN_UNGUARDED_AVAILABILITY = YES_AGGRESSIVE;
				CLANG_WARN_UNREACHABLE_CODE = YES;
				CLANG_WARN__DUPLICATE_METHOD_MATCH = YES;
				CODE_SIGN_IDENTITY = "iPhone Developer";
				COPY_PHASE_STRIP = NO;
				DEBUG_INFORMATION_FORMAT = "dwarf-with-dsym";
				ENABLE_NS_ASSERTIONS = NO;
				ENABLE_STRICT_OBJC_MSGSEND = YES;
				GCC_C_LANGUAGE_STANDARD = gnu11;
				GCC_NO_COMMON_BLOCKS = YES;
				GCC_WARN_64_TO_32_BIT_CONVERSION = YES;
				GCC_WARN_ABOUT_RETURN_TYPE = YES_ERROR;
				GCC_WARN_UNDECLARED_SELECTOR = YES;
				GCC_WARN_UNINITIALIZED_AUTOS = YES_AGGRESSIVE;
				GCC_WARN_UNUSED_FUNCTION = YES;
				GCC_WARN_UNUSED_VARIABLE = YES;
				IPHONEOS_DEPLOYMENT_TARGET = 12.1;
				MTL_ENABLE_DEBUG_INFO = NO;
				MTL_FAST_MATH = YES;
				SDKROOT = iphoneos;
				SWIFT_COMPILATION_MODE = wholemodule;
				SWIFT_OPTIMIZATION_LEVEL = "-O";
				SWIFT_VERSION = 5.0;
				VALIDATE_PRODUCT = YES;
			};
			name = Release;
		};
		A1A2B66E220DEA25008460F8 /* Debug */ = {
			isa = XCBuildConfiguration;
			baseConfigurationReference = 0A98D340473F0FC24D739DC1 /* Pods-RxViewControllerExample.debug.xcconfig */;
			buildSettings = {
				ASSETCATALOG_COMPILER_APPICON_NAME = AppIcon;
				CODE_SIGN_STYLE = Automatic;
				DEVELOPMENT_TEAM = 77YZ9248DM;
				INFOPLIST_FILE = RxViewControllerExample/App/Info.plist;
				IPHONEOS_DEPLOYMENT_TARGET = 10.0;
				LD_RUNPATH_SEARCH_PATHS = (
					"$(inherited)",
					"@executable_path/Frameworks",
				);
				PRODUCT_BUNDLE_IDENTIFIER = com.iamchiwon.example.RxViewControllerExample;
				PRODUCT_NAME = "$(TARGET_NAME)";
				SWIFT_VERSION = 5.0;
				TARGETED_DEVICE_FAMILY = 1;
			};
			name = Debug;
		};
		A1A2B66F220DEA25008460F8 /* Release */ = {
			isa = XCBuildConfiguration;
			baseConfigurationReference = 6D7F00D90C1959A7132D4013 /* Pods-RxViewControllerExample.release.xcconfig */;
			buildSettings = {
				ASSETCATALOG_COMPILER_APPICON_NAME = AppIcon;
				CODE_SIGN_STYLE = Automatic;
				DEVELOPMENT_TEAM = 77YZ9248DM;
				INFOPLIST_FILE = RxViewControllerExample/App/Info.plist;
				IPHONEOS_DEPLOYMENT_TARGET = 10.0;
				LD_RUNPATH_SEARCH_PATHS = (
					"$(inherited)",
					"@executable_path/Frameworks",
				);
				PRODUCT_BUNDLE_IDENTIFIER = com.iamchiwon.example.RxViewControllerExample;
				PRODUCT_NAME = "$(TARGET_NAME)";
				SWIFT_VERSION = 5.0;
				TARGETED_DEVICE_FAMILY = 1;
			};
			name = Release;
		};
/* End XCBuildConfiguration section */

/* Begin XCConfigurationList section */
		A1A2B656220DEA23008460F8 /* Build configuration list for PBXProject "RxViewControllerExample" */ = {
			isa = XCConfigurationList;
			buildConfigurations = (
				A1A2B66B220DEA25008460F8 /* Debug */,
				A1A2B66C220DEA25008460F8 /* Release */,
			);
			defaultConfigurationIsVisible = 0;
			defaultConfigurationName = Release;
		};
		A1A2B66D220DEA25008460F8 /* Build configuration list for PBXNativeTarget "RxViewControllerExample" */ = {
			isa = XCConfigurationList;
			buildConfigurations = (
				A1A2B66E220DEA25008460F8 /* Debug */,
				A1A2B66F220DEA25008460F8 /* Release */,
			);
			defaultConfigurationIsVisible = 0;
			defaultConfigurationName = Release;
		};
/* End XCConfigurationList section */
	};
	rootObject = A1A2B653220DEA23008460F8 /* Project object */;
}
